
Microsoft Visual Studio Solution File, Format Version 12.00
# Visual Studio Version 16
VisualStudioVersion = 16.0.31019.35
MinimumVisualStudioVersion = 10.0.40219.1
Project("{9A19103F-16F7-4668-BE54-9A1E7A4F7556}") = "StreamBotCsharp", "StreamBotCsharp\StreamBotCsharp.csproj", "{2FC3796B-0D80-465F-8FD1-C49985902638}"
EndProject
Project("{9A19103F-16F7-4668-BE54-9A1E7A4F7556}") = "IrcClient", "IrcClient\IrcClient.csproj", "{77DCBAE8-CADA-41CE-B462-D7EA42C349BF}"
EndProject
Project("{9A19103F-16F7-4668-BE54-9A1E7A4F7556}") = "StreamBotTests", "StreamBotTests\StreamBotTests.csproj", "{BB9E9EF0-E2BB-471C-BBF6-FDAB2F4931AA}"
EndProject
Project("{FAE04EC0-301F-11D3-BF4B-00C04F79EFBC}") = "StreamBotConfig", "StreamBotConfig\StreamBotConfig.csproj", "{DC232CB5-06B6-4DD8-8741-44F5BDE38606}"
EndProject
Global
	GlobalSection(SolutionConfigurationPlatforms) = preSolution
		Debug|Any CPU = Debug|Any CPU
		Release|Any CPU = Release|Any CPU
	EndGlobalSection
	GlobalSection(ProjectConfigurationPlatforms) = postSolution
		{2FC3796B-0D80-465F-8FD1-C49985902638}.Debug|Any CPU.ActiveCfg = Debug|Any CPU
		{2FC3796B-0D80-465F-8FD1-C49985902638}.Debug|Any CPU.Build.0 = Debug|Any CPU
		{2FC3796B-0D80-465F-8FD1-C49985902638}.Release|Any CPU.ActiveCfg = Release|Any CPU
		{2FC3796B-0D80-465F-8FD1-C49985902638}.Release|Any CPU.Build.0 = Release|Any CPU
		{77DCBAE8-CADA-41CE-B462-D7EA42C349BF}.Debug|Any CPU.ActiveCfg = Debug|Any CPU
		{77DCBAE8-CADA-41CE-B462-D7EA42C349BF}.Debug|Any CPU.Build.0 = Debug|Any CPU
		{77DCBAE8-CADA-41CE-B462-D7EA42C349BF}.Release|Any CPU.ActiveCfg = Release|Any CPU
		{77DCBAE8-CADA-41CE-B462-D7EA42C349BF}.Release|Any CPU.Build.0 = Release|Any CPU
		{BB9E9EF0-E2BB-471C-BBF6-FDAB2F4931AA}.Debug|Any CPU.ActiveCfg = Debug|Any CPU
		{BB9E9EF0-E2BB-471C-BBF6-FDAB2F4931AA}.Debug|Any CPU.Build.0 = Debug|Any CPU
		{BB9E9EF0-E2BB-471C-BBF6-FDAB2F4931AA}.Release|Any CPU.ActiveCfg = Release|Any CPU
		{BB9E9EF0-E2BB-471C-BBF6-FDAB2F4931AA}.Release|Any CPU.Build.0 = Release|Any CPU
		{DC232CB5-06B6-4DD8-8741-44F5BDE38606}.Debug|Any CPU.ActiveCfg = Debug|Any CPU
		{DC232CB5-06B6-4DD8-8741-44F5BDE38606}.Debug|Any CPU.Build.0 = Debug|Any CPU
		{DC232CB5-06B6-4DD8-8741-44F5BDE38606}.Release|Any CPU.ActiveCfg = Release|Any CPU
		{DC232CB5-06B6-4DD8-8741-44F5BDE38606}.Release|Any CPU.Build.0 = Release|Any CPU
	EndGlobalSection
	GlobalSection(SolutionProperties) = preSolution
		HideSolutionNode = FALSE
	EndGlobalSection
	GlobalSection(ExtensibilityGlobals) = postSolution
		SolutionGuid = {10EB78AD-4139-46DA-91BF-3A0BC554FCAC}
	EndGlobalSection
EndGlobal
